
Microsoft Visual Studio Solution File, Format Version 12.00
# Visual Studio Version 17
VisualStudioVersion = 17.8.34309.116
MinimumVisualStudioVersion = 10.0.40219.1
Project("{FAE04EC0-301F-11D3-BF4B-00C04F79EFBC}") = "LINQ2SQLExample", "LINQ2SQLExample\LINQ2SQLExample.csproj", "{27C5ADB2-5FF6-4D2E-AE6D-A66161D215A7}"
EndProject
Global
	GlobalSection(SolutionConfigurationPlatforms) = preSolution
		Debug|Any CPU = Debug|Any CPU
		Release|Any CPU = Release|Any CPU
	EndGlobalSection
	GlobalSection(ProjectConfigurationPlatforms) = postSolution
		{27C5ADB2-5FF6-4D2E-AE6D-A66161D215A7}.Debug|Any CPU.ActiveCfg = Debug|Any CPU
		{27C5ADB2-5FF6-4D2E-AE6D-A66161D215A7}.Debug|Any CPU.Build.0 = Debug|Any CPU
		{27C5ADB2-5FF6-4D2E-AE6D-A66161D215A7}.Release|Any CPU.ActiveCfg = Release|Any CPU
		{27C5ADB2-5FF6-4D2E-AE6D-A66161D215A7}.Release|Any CPU.Build.0 = Release|Any CPU
	EndGlobalSection
	GlobalSection(SolutionProperties) = preSolution
		HideSolutionNode = FALSE
	EndGlobalSection
	GlobalSection(ExtensibilityGlobals) = postSolution
		SolutionGuid = {D961399C-BFC5-44E1-A51D-DDCC79322C20}
	EndGlobalSection
EndGlobal
