
Microsoft Visual Studio Solution File, Format Version 12.00
# Visual Studio Version 17
VisualStudioVersion = 17.8.34309.116
MinimumVisualStudioVersion = 10.0.40219.1
Project("{FAE04EC0-301F-11D3-BF4B-00C04F79EFBC}") = "BT01", "BT01\BT01.csproj", "{03262071-1E11-4110-980A-A99401E83F2F}"
EndProject
Global
	GlobalSection(SolutionConfigurationPlatforms) = preSolution
		Debug|Any CPU = Debug|Any CPU
		Release|Any CPU = Release|Any CPU
	EndGlobalSection
	GlobalSection(ProjectConfigurationPlatforms) = postSolution
		{03262071-1E11-4110-980A-A99401E83F2F}.Debug|Any CPU.ActiveCfg = Debug|Any CPU
		{03262071-1E11-4110-980A-A99401E83F2F}.Debug|Any CPU.Build.0 = Debug|Any CPU
		{03262071-1E11-4110-980A-A99401E83F2F}.Release|Any CPU.ActiveCfg = Release|Any CPU
		{03262071-1E11-4110-980A-A99401E83F2F}.Release|Any CPU.Build.0 = Release|Any CPU
	EndGlobalSection
	GlobalSection(SolutionProperties) = preSolution
		HideSolutionNode = FALSE
	EndGlobalSection
	GlobalSection(ExtensibilityGlobals) = postSolution
		SolutionGuid = {AF8CEB98-0FDC-4C53-A62D-4F5723930ED7}
	EndGlobalSection
EndGlobal
