
Microsoft Visual Studio Solution File, Format Version 12.00
# Visual Studio Version 17
VisualStudioVersion = 17.8.34309.116
MinimumVisualStudioVersion = 10.0.40219.1
Project("{FAE04EC0-301F-11D3-BF4B-00C04F79EFBC}") = "Lab01BaiTap02", "Lab01BaiTap02\Lab01BaiTap02.csproj", "{C737F6D0-034E-4D63-85A1-CEBA764F7162}"
EndProject
Global
	GlobalSection(SolutionConfigurationPlatforms) = preSolution
		Debug|Any CPU = Debug|Any CPU
		Release|Any CPU = Release|Any CPU
	EndGlobalSection
	GlobalSection(ProjectConfigurationPlatforms) = postSolution
		{C737F6D0-034E-4D63-85A1-CEBA764F7162}.Debug|Any CPU.ActiveCfg = Debug|Any CPU
		{C737F6D0-034E-4D63-85A1-CEBA764F7162}.Debug|Any CPU.Build.0 = Debug|Any CPU
		{C737F6D0-034E-4D63-85A1-CEBA764F7162}.Release|Any CPU.ActiveCfg = Release|Any CPU
		{C737F6D0-034E-4D63-85A1-CEBA764F7162}.Release|Any CPU.Build.0 = Release|Any CPU
	EndGlobalSection
	GlobalSection(SolutionProperties) = preSolution
		HideSolutionNode = FALSE
	EndGlobalSection
	GlobalSection(ExtensibilityGlobals) = postSolution
		SolutionGuid = {5D1C002D-346C-4716-9104-5B75BD9C68CD}
	EndGlobalSection
EndGlobal
