
Microsoft Visual Studio Solution File, Format Version 12.00
# Visual Studio Version 17
VisualStudioVersion = 17.8.34309.116
MinimumVisualStudioVersion = 10.0.40219.1
Project("{FAE04EC0-301F-11D3-BF4B-00C04F79EFBC}") = "Lab04BT02", "Lab04BT02\Lab04BT02.csproj", "{65924AC5-3589-4407-A2E9-22925A708E10}"
EndProject
Global
	GlobalSection(SolutionConfigurationPlatforms) = preSolution
		Debug|Any CPU = Debug|Any CPU
		Release|Any CPU = Release|Any CPU
	EndGlobalSection
	GlobalSection(ProjectConfigurationPlatforms) = postSolution
		{65924AC5-3589-4407-A2E9-22925A708E10}.Debug|Any CPU.ActiveCfg = Debug|Any CPU
		{65924AC5-3589-4407-A2E9-22925A708E10}.Debug|Any CPU.Build.0 = Debug|Any CPU
		{65924AC5-3589-4407-A2E9-22925A708E10}.Release|Any CPU.ActiveCfg = Release|Any CPU
		{65924AC5-3589-4407-A2E9-22925A708E10}.Release|Any CPU.Build.0 = Release|Any CPU
	EndGlobalSection
	GlobalSection(SolutionProperties) = preSolution
		HideSolutionNode = FALSE
	EndGlobalSection
	GlobalSection(ExtensibilityGlobals) = postSolution
		SolutionGuid = {B583F6D1-7E98-4BE6-AFF8-3AA677589D40}
	EndGlobalSection
EndGlobal
